
Microsoft Visual Studio Solution File, Format Version 12.00
# Visual Studio 14
VisualStudioVersion = 14.0.25420.1
MinimumVisualStudioVersion = 10.0.40219.1
Project("{FAE04EC0-301F-11D3-BF4B-00C04F79EFBC}") = "GameBasicTools", "GameBasicTool\GameBasicTools.csproj", "{061A79CC-097F-4504-A9A8-F6C42EFDC889}"
EndProject
Project("{FAE04EC0-301F-11D3-BF4B-00C04F79EFBC}") = "ResTool", "ResTool\ResTool.csproj", "{AAFC3BB4-7069-45A1-83F3-00FD12A46B78}"
	ProjectSection(ProjectDependencies) = postProject
		{57D6426E-B7B3-4801-B58B-D3ADF7806B38} = {57D6426E-B7B3-4801-B58B-D3ADF7806B38}
		{0D3128B8-C900-4A82-AA5A-817C06E1C3BB} = {0D3128B8-C900-4A82-AA5A-817C06E1C3BB}
	EndProjectSection
EndProject
Project("{FAE04EC0-301F-11D3-BF4B-00C04F79EFBC}") = "UITool", "UITool\UITool.csproj", "{C93A8E75-1FD3-49B7-B07E-62A9E22496D1}"
	ProjectSection(ProjectDependencies) = postProject
		{57D6426E-B7B3-4801-B58B-D3ADF7806B38} = {57D6426E-B7B3-4801-B58B-D3ADF7806B38}
		{AAFC3BB4-7069-45A1-83F3-00FD12A46B78} = {AAFC3BB4-7069-45A1-83F3-00FD12A46B78}
		{0D3128B8-C900-4A82-AA5A-817C06E1C3BB} = {0D3128B8-C900-4A82-AA5A-817C06E1C3BB}
	EndProjectSection
EndProject
Project("{FAE04EC0-301F-11D3-BF4B-00C04F79EFBC}") = "NetworkTool", "NetworkTool\NetworkTool.csproj", "{7F45ABE0-E5F4-4044-99B3-A6CC43BDFB26}"
	ProjectSection(ProjectDependencies) = postProject
		{57D6426E-B7B3-4801-B58B-D3ADF7806B38} = {57D6426E-B7B3-4801-B58B-D3ADF7806B38}
		{0D3128B8-C900-4A82-AA5A-817C06E1C3BB} = {0D3128B8-C900-4A82-AA5A-817C06E1C3BB}
	EndProjectSection
EndProject
Project("{FAE04EC0-301F-11D3-BF4B-00C04F79EFBC}") = "EventTool", "EventTool\EventTool.csproj", "{0D3128B8-C900-4A82-AA5A-817C06E1C3BB}"
EndProject
Project("{FAE04EC0-301F-11D3-BF4B-00C04F79EFBC}") = "LogTool", "LogTool\LogTool.csproj", "{D6646756-C64D-4694-8DF3-B9543A3C92BA}"
	ProjectSection(ProjectDependencies) = postProject
		{57D6426E-B7B3-4801-B58B-D3ADF7806B38} = {57D6426E-B7B3-4801-B58B-D3ADF7806B38}
		{0D3128B8-C900-4A82-AA5A-817C06E1C3BB} = {0D3128B8-C900-4A82-AA5A-817C06E1C3BB}
	EndProjectSection
EndProject
Project("{FAE04EC0-301F-11D3-BF4B-00C04F79EFBC}") = "DataTool", "DataTool\DataTool.csproj", "{06BCA52F-E43C-48F7-AFBB-51316D923000}"
	ProjectSection(ProjectDependencies) = postProject
		{57D6426E-B7B3-4801-B58B-D3ADF7806B38} = {57D6426E-B7B3-4801-B58B-D3ADF7806B38}
		{0D3128B8-C900-4A82-AA5A-817C06E1C3BB} = {0D3128B8-C900-4A82-AA5A-817C06E1C3BB}
	EndProjectSection
EndProject
Project("{FAE04EC0-301F-11D3-BF4B-00C04F79EFBC}") = "AITool", "AITool\AITool.csproj", "{EABFD51D-CF21-41B1-9591-E258D0E6D30D}"
	ProjectSection(ProjectDependencies) = postProject
		{D6646756-C64D-4694-8DF3-B9543A3C92BA} = {D6646756-C64D-4694-8DF3-B9543A3C92BA}
		{57D6426E-B7B3-4801-B58B-D3ADF7806B38} = {57D6426E-B7B3-4801-B58B-D3ADF7806B38}
	EndProjectSection
EndProject
Project("{FAE04EC0-301F-11D3-BF4B-00C04F79EFBC}") = "ScriptTool", "ScriptTool\ScriptTool.csproj", "{A3AFA672-653B-4224-9BE5-9EBC4BFCD1EB}"
	ProjectSection(ProjectDependencies) = postProject
		{57D6426E-B7B3-4801-B58B-D3ADF7806B38} = {57D6426E-B7B3-4801-B58B-D3ADF7806B38}
		{0D3128B8-C900-4A82-AA5A-817C06E1C3BB} = {0D3128B8-C900-4A82-AA5A-817C06E1C3BB}
	EndProjectSection
EndProject
Project("{FAE04EC0-301F-11D3-BF4B-00C04F79EFBC}") = "UtilityTool", "UtilityTool\UtilityTool.csproj", "{57D6426E-B7B3-4801-B58B-D3ADF7806B38}"
	ProjectSection(ProjectDependencies) = postProject
		{0D3128B8-C900-4A82-AA5A-817C06E1C3BB} = {0D3128B8-C900-4A82-AA5A-817C06E1C3BB}
	EndProjectSection
EndProject
Global
	GlobalSection(SolutionConfigurationPlatforms) = preSolution
		Debug|Any CPU = Debug|Any CPU
		Release|Any CPU = Release|Any CPU
	EndGlobalSection
	GlobalSection(ProjectConfigurationPlatforms) = postSolution
		{061A79CC-097F-4504-A9A8-F6C42EFDC889}.Debug|Any CPU.ActiveCfg = Debug|Any CPU
		{061A79CC-097F-4504-A9A8-F6C42EFDC889}.Debug|Any CPU.Build.0 = Debug|Any CPU
		{061A79CC-097F-4504-A9A8-F6C42EFDC889}.Release|Any CPU.ActiveCfg = Release|Any CPU
		{061A79CC-097F-4504-A9A8-F6C42EFDC889}.Release|Any CPU.Build.0 = Release|Any CPU
		{AAFC3BB4-7069-45A1-83F3-00FD12A46B78}.Debug|Any CPU.ActiveCfg = Debug|Any CPU
		{AAFC3BB4-7069-45A1-83F3-00FD12A46B78}.Debug|Any CPU.Build.0 = Debug|Any CPU
		{AAFC3BB4-7069-45A1-83F3-00FD12A46B78}.Release|Any CPU.ActiveCfg = Release|Any CPU
		{AAFC3BB4-7069-45A1-83F3-00FD12A46B78}.Release|Any CPU.Build.0 = Release|Any CPU
		{C93A8E75-1FD3-49B7-B07E-62A9E22496D1}.Debug|Any CPU.ActiveCfg = Debug|Any CPU
		{C93A8E75-1FD3-49B7-B07E-62A9E22496D1}.Debug|Any CPU.Build.0 = Debug|Any CPU
		{C93A8E75-1FD3-49B7-B07E-62A9E22496D1}.Release|Any CPU.ActiveCfg = Release|Any CPU
		{C93A8E75-1FD3-49B7-B07E-62A9E22496D1}.Release|Any CPU.Build.0 = Release|Any CPU
		{7F45ABE0-E5F4-4044-99B3-A6CC43BDFB26}.Debug|Any CPU.ActiveCfg = Debug|Any CPU
		{7F45ABE0-E5F4-4044-99B3-A6CC43BDFB26}.Debug|Any CPU.Build.0 = Debug|Any CPU
		{7F45ABE0-E5F4-4044-99B3-A6CC43BDFB26}.Release|Any CPU.ActiveCfg = Release|Any CPU
		{7F45ABE0-E5F4-4044-99B3-A6CC43BDFB26}.Release|Any CPU.Build.0 = Release|Any CPU
		{0D3128B8-C900-4A82-AA5A-817C06E1C3BB}.Debug|Any CPU.ActiveCfg = Debug|Any CPU
		{0D3128B8-C900-4A82-AA5A-817C06E1C3BB}.Debug|Any CPU.Build.0 = Debug|Any CPU
		{0D3128B8-C900-4A82-AA5A-817C06E1C3BB}.Release|Any CPU.ActiveCfg = Release|Any CPU
		{0D3128B8-C900-4A82-AA5A-817C06E1C3BB}.Release|Any CPU.Build.0 = Release|Any CPU
		{D6646756-C64D-4694-8DF3-B9543A3C92BA}.Debug|Any CPU.ActiveCfg = Debug|Any CPU
		{D6646756-C64D-4694-8DF3-B9543A3C92BA}.Debug|Any CPU.Build.0 = Debug|Any CPU
		{D6646756-C64D-4694-8DF3-B9543A3C92BA}.Release|Any CPU.ActiveCfg = Release|Any CPU
		{D6646756-C64D-4694-8DF3-B9543A3C92BA}.Release|Any CPU.Build.0 = Release|Any CPU
		{06BCA52F-E43C-48F7-AFBB-51316D923000}.Debug|Any CPU.ActiveCfg = Debug|Any CPU
		{06BCA52F-E43C-48F7-AFBB-51316D923000}.Debug|Any CPU.Build.0 = Debug|Any CPU
		{06BCA52F-E43C-48F7-AFBB-51316D923000}.Release|Any CPU.ActiveCfg = Release|Any CPU
		{06BCA52F-E43C-48F7-AFBB-51316D923000}.Release|Any CPU.Build.0 = Release|Any CPU
		{EABFD51D-CF21-41B1-9591-E258D0E6D30D}.Debug|Any CPU.ActiveCfg = Debug|Any CPU
		{EABFD51D-CF21-41B1-9591-E258D0E6D30D}.Debug|Any CPU.Build.0 = Debug|Any CPU
		{EABFD51D-CF21-41B1-9591-E258D0E6D30D}.Release|Any CPU.ActiveCfg = Release|Any CPU
		{EABFD51D-CF21-41B1-9591-E258D0E6D30D}.Release|Any CPU.Build.0 = Release|Any CPU
		{A3AFA672-653B-4224-9BE5-9EBC4BFCD1EB}.Debug|Any CPU.ActiveCfg = Debug|Any CPU
		{A3AFA672-653B-4224-9BE5-9EBC4BFCD1EB}.Debug|Any CPU.Build.0 = Debug|Any CPU
		{A3AFA672-653B-4224-9BE5-9EBC4BFCD1EB}.Release|Any CPU.ActiveCfg = Release|Any CPU
		{A3AFA672-653B-4224-9BE5-9EBC4BFCD1EB}.Release|Any CPU.Build.0 = Release|Any CPU
		{57D6426E-B7B3-4801-B58B-D3ADF7806B38}.Debug|Any CPU.ActiveCfg = Debug|Any CPU
		{57D6426E-B7B3-4801-B58B-D3ADF7806B38}.Debug|Any CPU.Build.0 = Debug|Any CPU
		{57D6426E-B7B3-4801-B58B-D3ADF7806B38}.Release|Any CPU.ActiveCfg = Release|Any CPU
		{57D6426E-B7B3-4801-B58B-D3ADF7806B38}.Release|Any CPU.Build.0 = Release|Any CPU
	EndGlobalSection
	GlobalSection(SolutionProperties) = preSolution
		HideSolutionNode = FALSE
	EndGlobalSection
EndGlobal
